
Microsoft Visual Studio Solution File, Format Version 12.00
# Visual Studio 14
VisualStudioVersion = 14.0.25420.1
MinimumVisualStudioVersion = 10.0.40219.1
Project("{F184B08F-C81C-45F6-A57F-5ABD9991F28F}") = "Reminder", "Reminder\Reminder.vbproj", "{61D14330-6AD2-426B-AA4A-3F0D877A3877}"
EndProject
Project("{F184B08F-C81C-45F6-A57F-5ABD9991F28F}") = "DBLayer", "DBLayer\DBLayer.vbproj", "{65E9C4E2-90B7-4DA3-9C79-88466B75800B}"
EndProject
Project("{54435603-DBB4-11D2-8724-00A0C9A8B90C}") = "Setup1", "..\Setup1\Setup1.vdproj", "{943AA413-3A4F-4174-A395-997D9BB12970}"
EndProject
Global
	GlobalSection(SolutionConfigurationPlatforms) = preSolution
		Debug|Any CPU = Debug|Any CPU
		Release|Any CPU = Release|Any CPU
	EndGlobalSection
	GlobalSection(ProjectConfigurationPlatforms) = postSolution
		{61D14330-6AD2-426B-AA4A-3F0D877A3877}.Debug|Any CPU.ActiveCfg = Debug|Any CPU
		{61D14330-6AD2-426B-AA4A-3F0D877A3877}.Debug|Any CPU.Build.0 = Debug|Any CPU
		{61D14330-6AD2-426B-AA4A-3F0D877A3877}.Release|Any CPU.ActiveCfg = Release|Any CPU
		{61D14330-6AD2-426B-AA4A-3F0D877A3877}.Release|Any CPU.Build.0 = Release|Any CPU
		{65E9C4E2-90B7-4DA3-9C79-88466B75800B}.Debug|Any CPU.ActiveCfg = Debug|Any CPU
		{65E9C4E2-90B7-4DA3-9C79-88466B75800B}.Debug|Any CPU.Build.0 = Debug|Any CPU
		{65E9C4E2-90B7-4DA3-9C79-88466B75800B}.Release|Any CPU.ActiveCfg = Release|Any CPU
		{65E9C4E2-90B7-4DA3-9C79-88466B75800B}.Release|Any CPU.Build.0 = Release|Any CPU
		{943AA413-3A4F-4174-A395-997D9BB12970}.Debug|Any CPU.ActiveCfg = Debug
		{943AA413-3A4F-4174-A395-997D9BB12970}.Release|Any CPU.ActiveCfg = Release
	EndGlobalSection
	GlobalSection(SolutionProperties) = preSolution
		HideSolutionNode = FALSE
	EndGlobalSection
EndGlobal
